
Microsoft Visual Studio Solution File, Format Version 12.00
# Visual Studio Version 17
VisualStudioVersion = 17.6.33723.286
MinimumVisualStudioVersion = 10.0.40219.1
Project("{FAE04EC0-301F-11D3-BF4B-00C04F79EFBC}") = "5.Entity Framework core", "5.Entity Framework core\5.Entity Framework core.csproj", "{03D30764-1E16-49A6-8688-D637D0B1931D}"
EndProject
Global
	GlobalSection(SolutionConfigurationPlatforms) = preSolution
		Debug|Any CPU = Debug|Any CPU
		Release|Any CPU = Release|Any CPU
	EndGlobalSection
	GlobalSection(ProjectConfigurationPlatforms) = postSolution
		{03D30764-1E16-49A6-8688-D637D0B1931D}.Debug|Any CPU.ActiveCfg = Debug|Any CPU
		{03D30764-1E16-49A6-8688-D637D0B1931D}.Debug|Any CPU.Build.0 = Debug|Any CPU
		{03D30764-1E16-49A6-8688-D637D0B1931D}.Release|Any CPU.ActiveCfg = Release|Any CPU
		{03D30764-1E16-49A6-8688-D637D0B1931D}.Release|Any CPU.Build.0 = Release|Any CPU
	EndGlobalSection
	GlobalSection(SolutionProperties) = preSolution
		HideSolutionNode = FALSE
	EndGlobalSection
	GlobalSection(ExtensibilityGlobals) = postSolution
		SolutionGuid = {D6EF92EC-4DFE-4A6C-AE10-990E66F658C9}
	EndGlobalSection
EndGlobal
