
Microsoft Visual Studio Solution File, Format Version 12.00
# Visual Studio Version 17
VisualStudioVersion = 17.6.33723.286
MinimumVisualStudioVersion = 10.0.40219.1
Project("{FAE04EC0-301F-11D3-BF4B-00C04F79EFBC}") = "6. Generics", "6. Generics\6. Generics.csproj", "{A5DF01A6-ACC1-410E-8EBB-351861C0D7B1}"
EndProject
Global
	GlobalSection(SolutionConfigurationPlatforms) = preSolution
		Debug|Any CPU = Debug|Any CPU
		Release|Any CPU = Release|Any CPU
	EndGlobalSection
	GlobalSection(ProjectConfigurationPlatforms) = postSolution
		{A5DF01A6-ACC1-410E-8EBB-351861C0D7B1}.Debug|Any CPU.ActiveCfg = Debug|Any CPU
		{A5DF01A6-ACC1-410E-8EBB-351861C0D7B1}.Debug|Any CPU.Build.0 = Debug|Any CPU
		{A5DF01A6-ACC1-410E-8EBB-351861C0D7B1}.Release|Any CPU.ActiveCfg = Release|Any CPU
		{A5DF01A6-ACC1-410E-8EBB-351861C0D7B1}.Release|Any CPU.Build.0 = Release|Any CPU
	EndGlobalSection
	GlobalSection(SolutionProperties) = preSolution
		HideSolutionNode = FALSE
	EndGlobalSection
	GlobalSection(ExtensibilityGlobals) = postSolution
		SolutionGuid = {30121140-43D5-4D23-BE1E-8AF1B7F62DD2}
	EndGlobalSection
EndGlobal
