
Microsoft Visual Studio Solution File, Format Version 12.00
# Visual Studio Version 17
VisualStudioVersion = 17.6.33723.286
MinimumVisualStudioVersion = 10.0.40219.1
Project("{FAE04EC0-301F-11D3-BF4B-00C04F79EFBC}") = "WPF", "WPF\WPF.csproj", "{06AE3E16-8F14-48CB-945C-80FB7767E0B1}"
EndProject
Global
	GlobalSection(SolutionConfigurationPlatforms) = preSolution
		Debug|Any CPU = Debug|Any CPU
		Release|Any CPU = Release|Any CPU
	EndGlobalSection
	GlobalSection(ProjectConfigurationPlatforms) = postSolution
		{06AE3E16-8F14-48CB-945C-80FB7767E0B1}.Debug|Any CPU.ActiveCfg = Debug|Any CPU
		{06AE3E16-8F14-48CB-945C-80FB7767E0B1}.Debug|Any CPU.Build.0 = Debug|Any CPU
		{06AE3E16-8F14-48CB-945C-80FB7767E0B1}.Release|Any CPU.ActiveCfg = Release|Any CPU
		{06AE3E16-8F14-48CB-945C-80FB7767E0B1}.Release|Any CPU.Build.0 = Release|Any CPU
	EndGlobalSection
	GlobalSection(SolutionProperties) = preSolution
		HideSolutionNode = FALSE
	EndGlobalSection
	GlobalSection(ExtensibilityGlobals) = postSolution
		SolutionGuid = {A9277B86-B397-4739-9855-8EF9F1635FA7}
	EndGlobalSection
EndGlobal
