
Microsoft Visual Studio Solution File, Format Version 12.00
# Visual Studio Version 17
VisualStudioVersion = 17.6.33723.286
MinimumVisualStudioVersion = 10.0.40219.1
Project("{FAE04EC0-301F-11D3-BF4B-00C04F79EFBC}") = "Second lesson", "Second lesson\Second lesson.csproj", "{FDEBAE65-A65F-488C-911C-B6FE30FF7B7F}"
EndProject
Global
	GlobalSection(SolutionConfigurationPlatforms) = preSolution
		Debug|Any CPU = Debug|Any CPU
		Release|Any CPU = Release|Any CPU
	EndGlobalSection
	GlobalSection(ProjectConfigurationPlatforms) = postSolution
		{FDEBAE65-A65F-488C-911C-B6FE30FF7B7F}.Debug|Any CPU.ActiveCfg = Debug|Any CPU
		{FDEBAE65-A65F-488C-911C-B6FE30FF7B7F}.Debug|Any CPU.Build.0 = Debug|Any CPU
		{FDEBAE65-A65F-488C-911C-B6FE30FF7B7F}.Release|Any CPU.ActiveCfg = Release|Any CPU
		{FDEBAE65-A65F-488C-911C-B6FE30FF7B7F}.Release|Any CPU.Build.0 = Release|Any CPU
	EndGlobalSection
	GlobalSection(SolutionProperties) = preSolution
		HideSolutionNode = FALSE
	EndGlobalSection
	GlobalSection(ExtensibilityGlobals) = postSolution
		SolutionGuid = {7145B536-3BDE-40C0-B80E-A35F4780A78A}
	EndGlobalSection
EndGlobal
