
Microsoft Visual Studio Solution File, Format Version 12.00
# Visual Studio Version 17
VisualStudioVersion = 17.6.33723.286
MinimumVisualStudioVersion = 10.0.40219.1
Project("{FAE04EC0-301F-11D3-BF4B-00C04F79EFBC}") = "14.List", "14.List\14.List.csproj", "{65022B20-CAA0-40A6-8D14-74DD97C7EF47}"
EndProject
Global
	GlobalSection(SolutionConfigurationPlatforms) = preSolution
		Debug|Any CPU = Debug|Any CPU
		Release|Any CPU = Release|Any CPU
	EndGlobalSection
	GlobalSection(ProjectConfigurationPlatforms) = postSolution
		{65022B20-CAA0-40A6-8D14-74DD97C7EF47}.Debug|Any CPU.ActiveCfg = Debug|Any CPU
		{65022B20-CAA0-40A6-8D14-74DD97C7EF47}.Debug|Any CPU.Build.0 = Debug|Any CPU
		{65022B20-CAA0-40A6-8D14-74DD97C7EF47}.Release|Any CPU.ActiveCfg = Release|Any CPU
		{65022B20-CAA0-40A6-8D14-74DD97C7EF47}.Release|Any CPU.Build.0 = Release|Any CPU
	EndGlobalSection
	GlobalSection(SolutionProperties) = preSolution
		HideSolutionNode = FALSE
	EndGlobalSection
	GlobalSection(ExtensibilityGlobals) = postSolution
		SolutionGuid = {45C2126D-1F75-4F1F-A1F6-BD978E454029}
	EndGlobalSection
EndGlobal
