
Microsoft Visual Studio Solution File, Format Version 12.00
# Visual Studio Version 17
VisualStudioVersion = 17.6.33723.286
MinimumVisualStudioVersion = 10.0.40219.1
Project("{FAE04EC0-301F-11D3-BF4B-00C04F79EFBC}") = "5. Accessibility", "5. Accessibility\5. Accessibility.csproj", "{632A15F4-01DC-4B19-9894-4E42BE4152F8}"
EndProject
Global
	GlobalSection(SolutionConfigurationPlatforms) = preSolution
		Debug|Any CPU = Debug|Any CPU
		Release|Any CPU = Release|Any CPU
	EndGlobalSection
	GlobalSection(ProjectConfigurationPlatforms) = postSolution
		{632A15F4-01DC-4B19-9894-4E42BE4152F8}.Debug|Any CPU.ActiveCfg = Debug|Any CPU
		{632A15F4-01DC-4B19-9894-4E42BE4152F8}.Debug|Any CPU.Build.0 = Debug|Any CPU
		{632A15F4-01DC-4B19-9894-4E42BE4152F8}.Release|Any CPU.ActiveCfg = Release|Any CPU
		{632A15F4-01DC-4B19-9894-4E42BE4152F8}.Release|Any CPU.Build.0 = Release|Any CPU
	EndGlobalSection
	GlobalSection(SolutionProperties) = preSolution
		HideSolutionNode = FALSE
	EndGlobalSection
	GlobalSection(ExtensibilityGlobals) = postSolution
		SolutionGuid = {B449557F-CED6-4A9D-B1D7-D3CFF6E38D69}
	EndGlobalSection
EndGlobal
