
Microsoft Visual Studio Solution File, Format Version 12.00
# Visual Studio Version 17
VisualStudioVersion = 17.6.33723.286
MinimumVisualStudioVersion = 10.0.40219.1
Project("{FAE04EC0-301F-11D3-BF4B-00C04F79EFBC}") = "UnitTesting", "UnitTesting\UnitTesting.csproj", "{66078B56-76C9-49EB-BD3F-CA4B867586E6}"
EndProject
Global
	GlobalSection(SolutionConfigurationPlatforms) = preSolution
		Debug|Any CPU = Debug|Any CPU
		Release|Any CPU = Release|Any CPU
	EndGlobalSection
	GlobalSection(ProjectConfigurationPlatforms) = postSolution
		{66078B56-76C9-49EB-BD3F-CA4B867586E6}.Debug|Any CPU.ActiveCfg = Debug|Any CPU
		{66078B56-76C9-49EB-BD3F-CA4B867586E6}.Debug|Any CPU.Build.0 = Debug|Any CPU
		{66078B56-76C9-49EB-BD3F-CA4B867586E6}.Release|Any CPU.ActiveCfg = Release|Any CPU
		{66078B56-76C9-49EB-BD3F-CA4B867586E6}.Release|Any CPU.Build.0 = Release|Any CPU
	EndGlobalSection
	GlobalSection(SolutionProperties) = preSolution
		HideSolutionNode = FALSE
	EndGlobalSection
	GlobalSection(ExtensibilityGlobals) = postSolution
		SolutionGuid = {DD5CED1E-C566-4F65-AC24-9234881724B7}
	EndGlobalSection
EndGlobal
