
Microsoft Visual Studio Solution File, Format Version 12.00
# Visual Studio Version 17
VisualStudioVersion = 17.6.33723.286
MinimumVisualStudioVersion = 10.0.40219.1
Project("{FAE04EC0-301F-11D3-BF4B-00C04F79EFBC}") = "11.DebugAndStringBuilder", "11.DebugAndStringBuilder\11.DebugAndStringBuilder.csproj", "{3D648FCA-BF9E-4A73-A4D1-3354D80E1371}"
EndProject
Global
	GlobalSection(SolutionConfigurationPlatforms) = preSolution
		Debug|Any CPU = Debug|Any CPU
		Release|Any CPU = Release|Any CPU
	EndGlobalSection
	GlobalSection(ProjectConfigurationPlatforms) = postSolution
		{3D648FCA-BF9E-4A73-A4D1-3354D80E1371}.Debug|Any CPU.ActiveCfg = Debug|Any CPU
		{3D648FCA-BF9E-4A73-A4D1-3354D80E1371}.Debug|Any CPU.Build.0 = Debug|Any CPU
		{3D648FCA-BF9E-4A73-A4D1-3354D80E1371}.Release|Any CPU.ActiveCfg = Release|Any CPU
		{3D648FCA-BF9E-4A73-A4D1-3354D80E1371}.Release|Any CPU.Build.0 = Release|Any CPU
	EndGlobalSection
	GlobalSection(SolutionProperties) = preSolution
		HideSolutionNode = FALSE
	EndGlobalSection
	GlobalSection(ExtensibilityGlobals) = postSolution
		SolutionGuid = {C4164CE7-F650-4B93-BEFD-B6A998439484}
	EndGlobalSection
EndGlobal
