
Microsoft Visual Studio Solution File, Format Version 12.00
# Visual Studio Version 17
VisualStudioVersion = 17.6.33723.286
MinimumVisualStudioVersion = 10.0.40219.1
Project("{FAE04EC0-301F-11D3-BF4B-00C04F79EFBC}") = "1.OOP Pradzia", "1.OOP Pradzia\1.OOP Pradzia.csproj", "{2C02039E-24CF-47BC-8A94-5287B70F93C9}"
EndProject
Global
	GlobalSection(SolutionConfigurationPlatforms) = preSolution
		Debug|Any CPU = Debug|Any CPU
		Release|Any CPU = Release|Any CPU
	EndGlobalSection
	GlobalSection(ProjectConfigurationPlatforms) = postSolution
		{2C02039E-24CF-47BC-8A94-5287B70F93C9}.Debug|Any CPU.ActiveCfg = Debug|Any CPU
		{2C02039E-24CF-47BC-8A94-5287B70F93C9}.Debug|Any CPU.Build.0 = Debug|Any CPU
		{2C02039E-24CF-47BC-8A94-5287B70F93C9}.Release|Any CPU.ActiveCfg = Release|Any CPU
		{2C02039E-24CF-47BC-8A94-5287B70F93C9}.Release|Any CPU.Build.0 = Release|Any CPU
	EndGlobalSection
	GlobalSection(SolutionProperties) = preSolution
		HideSolutionNode = FALSE
	EndGlobalSection
	GlobalSection(ExtensibilityGlobals) = postSolution
		SolutionGuid = {7AFF415D-2E18-4B9F-9553-811257AD3EF8}
	EndGlobalSection
EndGlobal
