
Microsoft Visual Studio Solution File, Format Version 12.00
# Visual Studio Version 17
VisualStudioVersion = 17.6.33723.286
MinimumVisualStudioVersion = 10.0.40219.1
Project("{FAE04EC0-301F-11D3-BF4B-00C04F79EFBC}") = "HTML uzduotys", "HTML uzduotys\HTML uzduotys.csproj", "{0BB4E9D1-3AA4-4E9A-A569-62DB5AD2786C}"
EndProject
Global
	GlobalSection(SolutionConfigurationPlatforms) = preSolution
		Debug|Any CPU = Debug|Any CPU
		Release|Any CPU = Release|Any CPU
	EndGlobalSection
	GlobalSection(ProjectConfigurationPlatforms) = postSolution
		{0BB4E9D1-3AA4-4E9A-A569-62DB5AD2786C}.Debug|Any CPU.ActiveCfg = Debug|Any CPU
		{0BB4E9D1-3AA4-4E9A-A569-62DB5AD2786C}.Debug|Any CPU.Build.0 = Debug|Any CPU
		{0BB4E9D1-3AA4-4E9A-A569-62DB5AD2786C}.Release|Any CPU.ActiveCfg = Release|Any CPU
		{0BB4E9D1-3AA4-4E9A-A569-62DB5AD2786C}.Release|Any CPU.Build.0 = Release|Any CPU
	EndGlobalSection
	GlobalSection(SolutionProperties) = preSolution
		HideSolutionNode = FALSE
	EndGlobalSection
	GlobalSection(ExtensibilityGlobals) = postSolution
		SolutionGuid = {8662D757-3764-4791-B558-E6BE6B4F7ED9}
	EndGlobalSection
EndGlobal
