
Microsoft Visual Studio Solution File, Format Version 12.00
# Visual Studio Version 17
VisualStudioVersion = 17.6.33723.286
MinimumVisualStudioVersion = 10.0.40219.1
Project("{FAE04EC0-301F-11D3-BF4B-00C04F79EFBC}") = "Tarpinis atsikaitymas", "Tarpinis atsikaitymas\Tarpinis atsikaitymas.csproj", "{5A3980EF-C5DB-424B-83F3-BF2AAF2C7210}"
EndProject
Global
	GlobalSection(SolutionConfigurationPlatforms) = preSolution
		Debug|Any CPU = Debug|Any CPU
		Release|Any CPU = Release|Any CPU
	EndGlobalSection
	GlobalSection(ProjectConfigurationPlatforms) = postSolution
		{5A3980EF-C5DB-424B-83F3-BF2AAF2C7210}.Debug|Any CPU.ActiveCfg = Debug|Any CPU
		{5A3980EF-C5DB-424B-83F3-BF2AAF2C7210}.Debug|Any CPU.Build.0 = Debug|Any CPU
		{5A3980EF-C5DB-424B-83F3-BF2AAF2C7210}.Release|Any CPU.ActiveCfg = Release|Any CPU
		{5A3980EF-C5DB-424B-83F3-BF2AAF2C7210}.Release|Any CPU.Build.0 = Release|Any CPU
	EndGlobalSection
	GlobalSection(SolutionProperties) = preSolution
		HideSolutionNode = FALSE
	EndGlobalSection
	GlobalSection(ExtensibilityGlobals) = postSolution
		SolutionGuid = {89AD239A-78AB-4098-9521-2F1905FF91A7}
	EndGlobalSection
EndGlobal
