<<<<<<< HEAD
﻿
Microsoft Visual Studio Solution File, Format Version 12.00
# Visual Studio Version 17
VisualStudioVersion = 17.6.33723.286
MinimumVisualStudioVersion = 10.0.40219.1
Project("{FAE04EC0-301F-11D3-BF4B-00C04F79EFBC}") = "14. List", "14. List\14. List.csproj", "{86D29239-0599-4F7F-848D-E7342C83B40C}"
EndProject
Global
	GlobalSection(SolutionConfigurationPlatforms) = preSolution
		Debug|Any CPU = Debug|Any CPU
		Release|Any CPU = Release|Any CPU
	EndGlobalSection
	GlobalSection(ProjectConfigurationPlatforms) = postSolution
		{86D29239-0599-4F7F-848D-E7342C83B40C}.Debug|Any CPU.ActiveCfg = Debug|Any CPU
		{86D29239-0599-4F7F-848D-E7342C83B40C}.Debug|Any CPU.Build.0 = Debug|Any CPU
		{86D29239-0599-4F7F-848D-E7342C83B40C}.Release|Any CPU.ActiveCfg = Release|Any CPU
		{86D29239-0599-4F7F-848D-E7342C83B40C}.Release|Any CPU.Build.0 = Release|Any CPU
	EndGlobalSection
	GlobalSection(SolutionProperties) = preSolution
		HideSolutionNode = FALSE
	EndGlobalSection
	GlobalSection(ExtensibilityGlobals) = postSolution
		SolutionGuid = {68CE2DBE-B1A3-4C2F-8F98-D837D6804274}
	EndGlobalSection
EndGlobal
=======
﻿
Microsoft Visual Studio Solution File, Format Version 12.00
# Visual Studio Version 17
VisualStudioVersion = 17.6.33723.286
MinimumVisualStudioVersion = 10.0.40219.1
Project("{FAE04EC0-301F-11D3-BF4B-00C04F79EFBC}") = "14. List", "14. List\14. List.csproj", "{86D29239-0599-4F7F-848D-E7342C83B40C}"
EndProject
Global
	GlobalSection(SolutionConfigurationPlatforms) = preSolution
		Debug|Any CPU = Debug|Any CPU
		Release|Any CPU = Release|Any CPU
	EndGlobalSection
	GlobalSection(ProjectConfigurationPlatforms) = postSolution
		{86D29239-0599-4F7F-848D-E7342C83B40C}.Debug|Any CPU.ActiveCfg = Debug|Any CPU
		{86D29239-0599-4F7F-848D-E7342C83B40C}.Debug|Any CPU.Build.0 = Debug|Any CPU
		{86D29239-0599-4F7F-848D-E7342C83B40C}.Release|Any CPU.ActiveCfg = Release|Any CPU
		{86D29239-0599-4F7F-848D-E7342C83B40C}.Release|Any CPU.Build.0 = Release|Any CPU
	EndGlobalSection
	GlobalSection(SolutionProperties) = preSolution
		HideSolutionNode = FALSE
	EndGlobalSection
	GlobalSection(ExtensibilityGlobals) = postSolution
		SolutionGuid = {68CE2DBE-B1A3-4C2F-8F98-D837D6804274}
	EndGlobalSection
EndGlobal
>>>>>>> 02d247832b258f2c9ed1419b5a871661633c8722
